// !$*UTF8*$!
{
	archiveVersion = 1;
	classes = {
	};
	objectVersion = 55;
	objects = {

/* Begin PBXBuildFile section */
		2900739E27ED0DA2004090B7 /* PopoverCurrencyView.swift in Sources */ = {isa = PBXBuildFile; fileRef = 2900739D27ED0DA2004090B7 /* PopoverCurrencyView.swift */; };
		290CAA7427ECFCDD00F8837B /* AppDelegate.swift in Sources */ = {isa = PBXBuildFile; fileRef = 290CAA7327ECFCDD00F8837B /* AppDelegate.swift */; };
		290CAA7727ED030F00F8837B /* MenuBarCurrencyView.swift in Sources */ = {isa = PBXBuildFile; fileRef = 290CAA7627ED030F00F8837B /* MenuBarCurrencyView.swift */; };
		291B241027EE29860094B26D /* String+Extension.swift in Sources */ = {isa = PBXBuildFile; fileRef = 291B240F27EE29860094B26D /* String+Extension.swift */; };
		291B241227EE37DE0094B26D /* Constants.swift in Sources */ = {isa = PBXBuildFile; fileRef = 291B241127EE37DE0094B26D /* Constants.swift */; };
		291B241527EE3E060094B26D /* LaunchAtLogin in Frameworks */ = {isa = PBXBuildFile; productRef = 291B241427EE3E060094B26D /* LaunchAtLogin */; };
		2939280527ECFA88005C4F56 /* CurrencyTrackerApp.swift in Sources */ = {isa = PBXBuildFile; fileRef = 2939280427ECFA88005C4F56 /* CurrencyTrackerApp.swift */; };
		2939280927ECFA89005C4F56 /* Assets.xcassets in Resources */ = {isa = PBXBuildFile; fileRef = 2939280827ECFA89005C4F56 /* Assets.xcassets */; };
		2939280C27ECFA89005C4F56 /* Preview Assets.xcassets in Resources */ = {isa = PBXBuildFile; fileRef = 2939280B27ECFA89005C4F56 /* Preview Assets.xcassets */; };
		2945A19327EF7E9B00FABEC2 /* CurrencyResponse.swift in Sources */ = {isa = PBXBuildFile; fileRef = 2945A19227EF7E9B00FABEC2 /* CurrencyResponse.swift */; };
		296A754C27ED11390046F9E6 /* CurrencyType.swift in Sources */ = {isa = PBXBuildFile; fileRef = 296A754B27ED11390046F9E6 /* CurrencyType.swift */; };
		296A754E27ED12680046F9E6 /* Currency.swift in Sources */ = {isa = PBXBuildFile; fileRef = 296A754D27ED12680046F9E6 /* Currency.swift */; };
		296A755127ED12970046F9E6 /* CurrencyService.swift in Sources */ = {isa = PBXBuildFile; fileRef = 296A755027ED12970046F9E6 /* CurrencyService.swift */; };
		296A755627ED1F680046F9E6 /* MenuBarCurrencyViewModel.swift in Sources */ = {isa = PBXBuildFile; fileRef = 296A755527ED1F680046F9E6 /* MenuBarCurrencyViewModel.swift */; };
		296A755827ED34530046F9E6 /* PopoverCurrencyViewModel.swift in Sources */ = {isa = PBXBuildFile; fileRef = 296A755727ED34530046F9E6 /* PopoverCurrencyViewModel.swift */; };
/* End PBXBuildFile section */

/* Begin PBXFileReference section */
		2900739D27ED0DA2004090B7 /* PopoverCurrencyView.swift */ = {isa = PBXFileReference; lastKnownFileType = sourcecode.swift; path = PopoverCurrencyView.swift; sourceTree = "<group>"; };
		290CAA7327ECFCDD00F8837B /* AppDelegate.swift */ = {isa = PBXFileReference; lastKnownFileType = sourcecode.swift; path = AppDelegate.swift; sourceTree = "<group>"; };
		290CAA7627ED030F00F8837B /* MenuBarCurrencyView.swift */ = {isa = PBXFileReference; lastKnownFileType = sourcecode.swift; path = MenuBarCurrencyView.swift; sourceTree = "<group>"; };
		291B240F27EE29860094B26D /* String+Extension.swift */ = {isa = PBXFileReference; lastKnownFileType = sourcecode.swift; path = "String+Extension.swift"; sourceTree = "<group>"; };
		291B241127EE37DE0094B26D /* Constants.swift */ = {isa = PBXFileReference; lastKnownFileType = sourcecode.swift; path = Constants.swift; sourceTree = "<group>"; };
		2939280127ECFA88005C4F56 /* Kur Takibi.app */ = {isa = PBXFileReference; explicitFileType = wrapper.application; includeInIndex = 0; path = "Kur Takibi.app"; sourceTree = BUILT_PRODUCTS_DIR; };
		2939280427ECFA88005C4F56 /* CurrencyTrackerApp.swift */ = {isa = PBXFileReference; lastKnownFileType = sourcecode.swift; path = CurrencyTrackerApp.swift; sourceTree = "<group>"; };
		2939280827ECFA89005C4F56 /* Assets.xcassets */ = {isa = PBXFileReference; lastKnownFileType = folder.assetcatalog; path = Assets.xcassets; sourceTree = "<group>"; };
		2939280B27ECFA89005C4F56 /* Preview Assets.xcassets */ = {isa = PBXFileReference; lastKnownFileType = folder.assetcatalog; path = "Preview Assets.xcassets"; sourceTree = "<group>"; };
		2939280D27ECFA89005C4F56 /* CurrencyTracker.entitlements */ = {isa = PBXFileReference; lastKnownFileType = text.plist.entitlements; path = CurrencyTracker.entitlements; sourceTree = "<group>"; };
		2939281327ECFAC9005C4F56 /* Info.plist */ = {isa = PBXFileReference; lastKnownFileType = text.plist; path = Info.plist; sourceTree = "<group>"; };
		2945A19227EF7E9B00FABEC2 /* CurrencyResponse.swift */ = {isa = PBXFileReference; lastKnownFileType = sourcecode.swift; path = CurrencyResponse.swift; sourceTree = "<group>"; };
		296A754B27ED11390046F9E6 /* CurrencyType.swift */ = {isa = PBXFileReference; lastKnownFileType = sourcecode.swift; path = CurrencyType.swift; sourceTree = "<group>"; };
		296A754D27ED12680046F9E6 /* Currency.swift */ = {isa = PBXFileReference; lastKnownFileType = sourcecode.swift; path = Currency.swift; sourceTree = "<group>"; };
		296A755027ED12970046F9E6 /* CurrencyService.swift */ = {isa = PBXFileReference; lastKnownFileType = sourcecode.swift; path = CurrencyService.swift; sourceTree = "<group>"; };
		296A755527ED1F680046F9E6 /* MenuBarCurrencyViewModel.swift */ = {isa = PBXFileReference; lastKnownFileType = sourcecode.swift; path = MenuBarCurrencyViewModel.swift; sourceTree = "<group>"; };
		296A755727ED34530046F9E6 /* PopoverCurrencyViewModel.swift */ = {isa = PBXFileReference; lastKnownFileType = sourcecode.swift; path = PopoverCurrencyViewModel.swift; sourceTree = "<group>"; };
/* End PBXFileReference section */

/* Begin PBXFrameworksBuildPhase section */
		293927FE27ECFA88005C4F56 /* Frameworks */ = {
			isa = PBXFrameworksBuildPhase;
			buildActionMask = 2147483647;
			files = (
				291B241527EE3E060094B26D /* LaunchAtLogin in Frameworks */,
			);
			runOnlyForDeploymentPostprocessing = 0;
		};
/* End PBXFrameworksBuildPhase section */

/* Begin PBXGroup section */
		290CAA7527ED02FD00F8837B /* View */ = {
			isa = PBXGroup;
			children = (
				290CAA7627ED030F00F8837B /* MenuBarCurrencyView.swift */,
				2900739D27ED0DA2004090B7 /* PopoverCurrencyView.swift */,
			);
			path = View;
			sourceTree = "<group>";
		};
		291B240E27EE29780094B26D /* Utils */ = {
			isa = PBXGroup;
			children = (
				291B240F27EE29860094B26D /* String+Extension.swift */,
				291B241127EE37DE0094B26D /* Constants.swift */,
			);
			path = Utils;
			sourceTree = "<group>";
		};
		293927F827ECFA88005C4F56 = {
			isa = PBXGroup;
			children = (
				2939280327ECFA88005C4F56 /* CurrencyTracker */,
				2939280227ECFA88005C4F56 /* Products */,
			);
			sourceTree = "<group>";
		};
		2939280227ECFA88005C4F56 /* Products */ = {
			isa = PBXGroup;
			children = (
				2939280127ECFA88005C4F56 /* Kur Takibi.app */,
			);
			name = Products;
			sourceTree = "<group>";
		};
		2939280327ECFA88005C4F56 /* CurrencyTracker */ = {
			isa = PBXGroup;
			children = (
				290CAA7327ECFCDD00F8837B /* AppDelegate.swift */,
				2939280427ECFA88005C4F56 /* CurrencyTrackerApp.swift */,
				2939281327ECFAC9005C4F56 /* Info.plist */,
				296A754A27ED112A0046F9E6 /* Model */,
				296A754F27ED127D0046F9E6 /* Network */,
				290CAA7527ED02FD00F8837B /* View */,
				296A755427ED1F530046F9E6 /* ViewModel */,
				291B240E27EE29780094B26D /* Utils */,
				2939280827ECFA89005C4F56 /* Assets.xcassets */,
				2939280D27ECFA89005C4F56 /* CurrencyTracker.entitlements */,
				2939280A27ECFA89005C4F56 /* Preview Content */,
			);
			path = CurrencyTracker;
			sourceTree = "<group>";
		};
		2939280A27ECFA89005C4F56 /* Preview Content */ = {
			isa = PBXGroup;
			children = (
				2939280B27ECFA89005C4F56 /* Preview Assets.xcassets */,
			);
			path = "Preview Content";
			sourceTree = "<group>";
		};
		296A754A27ED112A0046F9E6 /* Model */ = {
			isa = PBXGroup;
			children = (
				296A754B27ED11390046F9E6 /* CurrencyType.swift */,
				296A754D27ED12680046F9E6 /* Currency.swift */,
				2945A19227EF7E9B00FABEC2 /* CurrencyResponse.swift */,
			);
			path = Model;
			sourceTree = "<group>";
		};
		296A754F27ED127D0046F9E6 /* Network */ = {
			isa = PBXGroup;
			children = (
				296A755027ED12970046F9E6 /* CurrencyService.swift */,
			);
			path = Network;
			sourceTree = "<group>";
		};
		296A755427ED1F530046F9E6 /* ViewModel */ = {
			isa = PBXGroup;
			children = (
				296A755527ED1F680046F9E6 /* MenuBarCurrencyViewModel.swift */,
				296A755727ED34530046F9E6 /* PopoverCurrencyViewModel.swift */,
			);
			path = ViewModel;
			sourceTree = "<group>";
		};
/* End PBXGroup section */

/* Begin PBXNativeTarget section */
		2939280027ECFA88005C4F56 /* Kur Takibi */ = {
			isa = PBXNativeTarget;
			buildConfigurationList = 2939281027ECFA89005C4F56 /* Build configuration list for PBXNativeTarget "Kur Takibi" */;
			buildPhases = (
				293927FD27ECFA88005C4F56 /* Sources */,
				293927FE27ECFA88005C4F56 /* Frameworks */,
				293927FF27ECFA88005C4F56 /* Resources */,
				291B241627EE3E8C0094B26D /* Copy Launch at Login Helper */,
			);
			buildRules = (
			);
			dependencies = (
			);
			name = "Kur Takibi";
			packageProductDependencies = (
				291B241427EE3E060094B26D /* LaunchAtLogin */,
			);
			productName = CurrencyTracker;
			productReference = 2939280127ECFA88005C4F56 /* Kur Takibi.app */;
			productType = "com.apple.product-type.application";
		};
/* End PBXNativeTarget section */

/* Begin PBXProject section */
		293927F927ECFA88005C4F56 /* Project object */ = {
			isa = PBXProject;
			attributes = {
				BuildIndependentTargetsInParallel = 1;
				LastSwiftUpdateCheck = 1320;
				LastUpgradeCheck = 1320;
				TargetAttributes = {
					2939280027ECFA88005C4F56 = {
						CreatedOnToolsVersion = 13.2.1;
					};
				};
			};
			buildConfigurationList = 293927FC27ECFA88005C4F56 /* Build configuration list for PBXProject "CurrencyTracker" */;
			compatibilityVersion = "Xcode 13.0";
			developmentRegion = en;
			hasScannedForEncodings = 0;
			knownRegions = (
				en,
				Base,
			);
			mainGroup = 293927F827ECFA88005C4F56;
			packageReferences = (
				291B241327EE3E060094B26D /* XCRemoteSwiftPackageReference "LaunchAtLogin" */,
			);
			productRefGroup = 2939280227ECFA88005C4F56 /* Products */;
			projectDirPath = "";
			projectRoot = "";
			targets = (
				2939280027ECFA88005C4F56 /* Kur Takibi */,
			);
		};
/* End PBXProject section */

/* Begin PBXResourcesBuildPhase section */
		293927FF27ECFA88005C4F56 /* Resources */ = {
			isa = PBXResourcesBuildPhase;
			buildActionMask = 2147483647;
			files = (
				2939280C27ECFA89005C4F56 /* Preview Assets.xcassets in Resources */,
				2939280927ECFA89005C4F56 /* Assets.xcassets in Resources */,
			);
			runOnlyForDeploymentPostprocessing = 0;
		};
/* End PBXResourcesBuildPhase section */

/* Begin PBXShellScriptBuildPhase section */
		291B241627EE3E8C0094B26D /* Copy Launch at Login Helper */ = {
			isa = PBXShellScriptBuildPhase;
			buildActionMask = 2147483647;
			files = (
			);
			inputFileListPaths = (
			);
			inputPaths = (
			);
			name = "Copy Launch at Login Helper";
			outputFileListPaths = (
			);
			outputPaths = (
			);
			runOnlyForDeploymentPostprocessing = 0;
			shellPath = /bin/sh;
			shellScript = "\"${BUILT_PRODUCTS_DIR}/LaunchAtLogin_LaunchAtLogin.bundle/Contents/Resources/copy-helper-swiftpm.sh\"\n";
		};
/* End PBXShellScriptBuildPhase section */

/* Begin PBXSourcesBuildPhase section */
		293927FD27ECFA88005C4F56 /* Sources */ = {
			isa = PBXSourcesBuildPhase;
			buildActionMask = 2147483647;
			files = (
				296A754E27ED12680046F9E6 /* Currency.swift in Sources */,
				291B241227EE37DE0094B26D /* Constants.swift in Sources */,
				296A754C27ED11390046F9E6 /* CurrencyType.swift in Sources */,
				2945A19327EF7E9B00FABEC2 /* CurrencyResponse.swift in Sources */,
				296A755627ED1F680046F9E6 /* MenuBarCurrencyViewModel.swift in Sources */,
				290CAA7727ED030F00F8837B /* MenuBarCurrencyView.swift in Sources */,
				290CAA7427ECFCDD00F8837B /* AppDelegate.swift in Sources */,
				296A755127ED12970046F9E6 /* CurrencyService.swift in Sources */,
				2900739E27ED0DA2004090B7 /* PopoverCurrencyView.swift in Sources */,
				2939280527ECFA88005C4F56 /* CurrencyTrackerApp.swift in Sources */,
				291B241027EE29860094B26D /* String+Extension.swift in Sources */,
				296A755827ED34530046F9E6 /* PopoverCurrencyViewModel.swift in Sources */,
			);
			runOnlyForDeploymentPostprocessing = 0;
		};
/* End PBXSourcesBuildPhase section */

/* Begin XCBuildConfiguration section */
		2939280E27ECFA89005C4F56 /* Debug */ = {
			isa = XCBuildConfiguration;
			buildSettings = {
				ALWAYS_SEARCH_USER_PATHS = NO;
				CLANG_ANALYZER_NONNULL = YES;
				CLANG_ANALYZER_NUMBER_OBJECT_CONVERSION = YES_AGGRESSIVE;
				CLANG_CXX_LANGUAGE_STANDARD = "gnu++17";
				CLANG_CXX_LIBRARY = "libc++";
				CLANG_ENABLE_MODULES = YES;
				CLANG_ENABLE_OBJC_ARC = YES;
				CLANG_ENABLE_OBJC_WEAK = YES;
				CLANG_WARN_BLOCK_CAPTURE_AUTORELEASING = YES;
				CLANG_WARN_BOOL_CONVERSION = YES;
				CLANG_WARN_COMMA = YES;
				CLANG_WARN_CONSTANT_CONVERSION = YES;
				CLANG_WARN_DEPRECATED_OBJC_IMPLEMENTATIONS = YES;
				CLANG_WARN_DIRECT_OBJC_ISA_USAGE = YES_ERROR;
				CLANG_WARN_DOCUMENTATION_COMMENTS = YES;
				CLANG_WARN_EMPTY_BODY = YES;
				CLANG_WARN_ENUM_CONVERSION = YES;
				CLANG_WARN_INFINITE_RECURSION = YES;
				CLANG_WARN_INT_CONVERSION = YES;
				CLANG_WARN_NON_LITERAL_NULL_CONVERSION = YES;
				CLANG_WARN_OBJC_IMPLICIT_RETAIN_SELF = YES;
				CLANG_WARN_OBJC_LITERAL_CONVERSION = YES;
				CLANG_WARN_OBJC_ROOT_CLASS = YES_ERROR;
				CLANG_WARN_QUOTED_INCLUDE_IN_FRAMEWORK_HEADER = YES;
				CLANG_WARN_RANGE_LOOP_ANALYSIS = YES;
				CLANG_WARN_STRICT_PROTOTYPES = YES;
				CLANG_WARN_SUSPICIOUS_MOVE = YES;
				CLANG_WARN_UNGUARDED_AVAILABILITY = YES_AGGRESSIVE;
				CLANG_WARN_UNREACHABLE_CODE = YES;
				CLANG_WARN__DUPLICATE_METHOD_MATCH = YES;
				COPY_PHASE_STRIP = NO;
				DEBUG_INFORMATION_FORMAT = dwarf;
				ENABLE_STRICT_OBJC_MSGSEND = YES;
				ENABLE_TESTABILITY = YES;
				GCC_C_LANGUAGE_STANDARD = gnu11;
				GCC_DYNAMIC_NO_PIC = NO;
				GCC_NO_COMMON_BLOCKS = YES;
				GCC_OPTIMIZATION_LEVEL = 0;
				GCC_PREPROCESSOR_DEFINITIONS = (
					"DEBUG=1",
					"$(inherited)",
				);
				GCC_WARN_64_TO_32_BIT_CONVERSION = YES;
				GCC_WARN_ABOUT_RETURN_TYPE = YES_ERROR;
				GCC_WARN_UNDECLARED_SELECTOR = YES;
				GCC_WARN_UNINITIALIZED_AUTOS = YES_AGGRESSIVE;
				GCC_WARN_UNUSED_FUNCTION = YES;
				GCC_WARN_UNUSED_VARIABLE = YES;
				MACOSX_DEPLOYMENT_TARGET = 12.1;
				MTL_ENABLE_DEBUG_INFO = INCLUDE_SOURCE;
				MTL_FAST_MATH = YES;
				ONLY_ACTIVE_ARCH = YES;
				PRODUCT_NAME = "";
				SDKROOT = macosx;
				SWIFT_ACTIVE_COMPILATION_CONDITIONS = DEBUG;
				SWIFT_OPTIMIZATION_LEVEL = "-Onone";
			};
			name = Debug;
		};
		2939280F27ECFA89005C4F56 /* Release */ = {
			isa = XCBuildConfiguration;
			buildSettings = {
				ALWAYS_SEARCH_USER_PATHS = NO;
				CLANG_ANALYZER_NONNULL = YES;
				CLANG_ANALYZER_NUMBER_OBJECT_CONVERSION = YES_AGGRESSIVE;
				CLANG_CXX_LANGUAGE_STANDARD = "gnu++17";
				CLANG_CXX_LIBRARY = "libc++";
				CLANG_ENABLE_MODULES = YES;
				CLANG_ENABLE_OBJC_ARC = YES;
				CLANG_ENABLE_OBJC_WEAK = YES;
				CLANG_WARN_BLOCK_CAPTURE_AUTORELEASING = YES;
				CLANG_WARN_BOOL_CONVERSION = YES;
				CLANG_WARN_COMMA = YES;
				CLANG_WARN_CONSTANT_CONVERSION = YES;
				CLANG_WARN_DEPRECATED_OBJC_IMPLEMENTATIONS = YES;
				CLANG_WARN_DIRECT_OBJC_ISA_USAGE = YES_ERROR;
				CLANG_WARN_DOCUMENTATION_COMMENTS = YES;
				CLANG_WARN_EMPTY_BODY = YES;
				CLANG_WARN_ENUM_CONVERSION = YES;
				CLANG_WARN_INFINITE_RECURSION = YES;
				CLANG_WARN_INT_CONVERSION = YES;
				CLANG_WARN_NON_LITERAL_NULL_CONVERSION = YES;
				CLANG_WARN_OBJC_IMPLICIT_RETAIN_SELF = YES;
				CLANG_WARN_OBJC_LITERAL_CONVERSION = YES;
				CLANG_WARN_OBJC_ROOT_CLASS = YES_ERROR;
				CLANG_WARN_QUOTED_INCLUDE_IN_FRAMEWORK_HEADER = YES;
				CLANG_WARN_RANGE_LOOP_ANALYSIS = YES;
				CLANG_WARN_STRICT_PROTOTYPES = YES;
				CLANG_WARN_SUSPICIOUS_MOVE = YES;
				CLANG_WARN_UNGUARDED_AVAILABILITY = YES_AGGRESSIVE;
				CLANG_WARN_UNREACHABLE_CODE = YES;
				CLANG_WARN__DUPLICATE_METHOD_MATCH = YES;
				COPY_PHASE_STRIP = NO;
				DEBUG_INFORMATION_FORMAT = "dwarf-with-dsym";
				ENABLE_NS_ASSERTIONS = NO;
				ENABLE_STRICT_OBJC_MSGSEND = YES;
				GCC_C_LANGUAGE_STANDARD = gnu11;
				GCC_NO_COMMON_BLOCKS = YES;
				GCC_WARN_64_TO_32_BIT_CONVERSION = YES;
				GCC_WARN_ABOUT_RETURN_TYPE = YES_ERROR;
				GCC_WARN_UNDECLARED_SELECTOR = YES;
				GCC_WARN_UNINITIALIZED_AUTOS = YES_AGGRESSIVE;
				GCC_WARN_UNUSED_FUNCTION = YES;
				GCC_WARN_UNUSED_VARIABLE = YES;
				MACOSX_DEPLOYMENT_TARGET = 12.1;
				MTL_ENABLE_DEBUG_INFO = NO;
				MTL_FAST_MATH = YES;
				PRODUCT_NAME = "";
				SDKROOT = macosx;
				SWIFT_COMPILATION_MODE = wholemodule;
				SWIFT_OPTIMIZATION_LEVEL = "-O";
			};
			name = Release;
		};
		2939281127ECFA89005C4F56 /* Debug */ = {
			isa = XCBuildConfiguration;
			buildSettings = {
				ASSETCATALOG_COMPILER_APPICON_NAME = AppIcon;
				ASSETCATALOG_COMPILER_GLOBAL_ACCENT_COLOR_NAME = AccentColor;
				CODE_SIGN_ENTITLEMENTS = CurrencyTracker/CurrencyTracker.entitlements;
				CODE_SIGN_IDENTITY = "-";
				CODE_SIGN_STYLE = Manual;
				COMBINE_HIDPI_IMAGES = YES;
				CURRENT_PROJECT_VERSION = 6;
				DEVELOPMENT_ASSET_PATHS = "\"CurrencyTracker/Preview Content\"";
				DEVELOPMENT_TEAM = "";
				ENABLE_HARDENED_RUNTIME = YES;
				ENABLE_PREVIEWS = YES;
				GENERATE_INFOPLIST_FILE = YES;
				INFOPLIST_FILE = CurrencyTracker/Info.plist;
				INFOPLIST_KEY_LSApplicationCategoryType = "public.app-category.utilities";
				INFOPLIST_KEY_NSHumanReadableCopyright = "";
				LD_RUNPATH_SEARCH_PATHS = (
					"$(inherited)",
					"@executable_path/../Frameworks",
				);
				MARKETING_VERSION = 1.0.2;
				PRODUCT_BUNDLE_IDENTIFIER = com.ademfurkan.CurrencyTracker;
				PRODUCT_NAME = "$(TARGET_NAME)";
				PROVISIONING_PROFILE_SPECIFIER = "";
				SWIFT_EMIT_LOC_STRINGS = YES;
				SWIFT_VERSION = 5.0;
			};
			name = Debug;
		};
		2939281227ECFA89005C4F56 /* Release */ = {
			isa = XCBuildConfiguration;
			buildSettings = {
				ASSETCATALOG_COMPILER_APPICON_NAME = AppIcon;
				ASSETCATALOG_COMPILER_GLOBAL_ACCENT_COLOR_NAME = AccentColor;
				CODE_SIGN_ENTITLEMENTS = CurrencyTracker/CurrencyTracker.entitlements;
				CODE_SIGN_IDENTITY = "-";
				CODE_SIGN_STYLE = Manual;
				COMBINE_HIDPI_IMAGES = YES;
				CURRENT_PROJECT_VERSION = 6;
				DEVELOPMENT_ASSET_PATHS = "\"CurrencyTracker/Preview Content\"";
				DEVELOPMENT_TEAM = "";
				ENABLE_HARDENED_RUNTIME = YES;
				ENABLE_PREVIEWS = YES;
				GENERATE_INFOPLIST_FILE = YES;
				INFOPLIST_FILE = CurrencyTracker/Info.plist;
				INFOPLIST_KEY_LSApplicationCategoryType = "public.app-category.utilities";
				INFOPLIST_KEY_NSHumanReadableCopyright = "";
				LD_RUNPATH_SEARCH_PATHS = (
					"$(inherited)",
					"@executable_path/../Frameworks",
				);
				MARKETING_VERSION = 1.0.2;
				PRODUCT_BUNDLE_IDENTIFIER = com.ademfurkan.CurrencyTracker;
				PRODUCT_NAME = "$(TARGET_NAME)";
				PROVISIONING_PROFILE_SPECIFIER = "";
				SWIFT_EMIT_LOC_STRINGS = YES;
				SWIFT_VERSION = 5.0;
			};
			name = Release;
		};
/* End XCBuildConfiguration section */

/* Begin XCConfigurationList section */
		293927FC27ECFA88005C4F56 /* Build configuration list for PBXProject "CurrencyTracker" */ = {
			isa = XCConfigurationList;
			buildConfigurations = (
				2939280E27ECFA89005C4F56 /* Debug */,
				2939280F27ECFA89005C4F56 /* Release */,
			);
			defaultConfigurationIsVisible = 0;
			defaultConfigurationName = Release;
		};
		2939281027ECFA89005C4F56 /* Build configuration list for PBXNativeTarget "Kur Takibi" */ = {
			isa = XCConfigurationList;
			buildConfigurations = (
				2939281127ECFA89005C4F56 /* Debug */,
				2939281227ECFA89005C4F56 /* Release */,
			);
			defaultConfigurationIsVisible = 0;
			defaultConfigurationName = Release;
		};
/* End XCConfigurationList section */

/* Begin XCRemoteSwiftPackageReference section */
		291B241327EE3E060094B26D /* XCRemoteSwiftPackageReference "LaunchAtLogin" */ = {
			isa = XCRemoteSwiftPackageReference;
			repositoryURL = "https://github.com/sindresorhus/LaunchAtLogin";
			requirement = {
				branch = main;
				kind = branch;
			};
		};
/* End XCRemoteSwiftPackageReference section */

/* Begin XCSwiftPackageProductDependency section */
		291B241427EE3E060094B26D /* LaunchAtLogin */ = {
			isa = XCSwiftPackageProductDependency;
			package = 291B241327EE3E060094B26D /* XCRemoteSwiftPackageReference "LaunchAtLogin" */;
			productName = LaunchAtLogin;
		};
/* End XCSwiftPackageProductDependency section */
	};
	rootObject = 293927F927ECFA88005C4F56 /* Project object */;
}
